// !$*UTF8*$!
{
	archiveVersion = 1;
	classes = {
	};
	objectVersion = 50;
	objects = {

/* Begin PBXBuildFile section */
		C732792D25307E7F00AF5E09 /* AppDelegate.swift in Sources */ = {isa = PBXBuildFile; fileRef = C732792C25307E7F00AF5E09 /* AppDelegate.swift */; };
		C732792F25307E7F00AF5E09 /* SceneDelegate.swift in Sources */ = {isa = PBXBuildFile; fileRef = C732792E25307E7F00AF5E09 /* SceneDelegate.swift */; };
		C732793425307E7F00AF5E09 /* Main.storyboard in Resources */ = {isa = PBXBuildFile; fileRef = C732793225307E7F00AF5E09 /* Main.storyboard */; };
		C732793725307E7F00AF5E09 /* Note_App.xcdatamodeld in Sources */ = {isa = PBXBuildFile; fileRef = C732793525307E7F00AF5E09 /* Note_App.xcdatamodeld */; };
		C732793925307E8100AF5E09 /* Assets.xcassets in Resources */ = {isa = PBXBuildFile; fileRef = C732793825307E8100AF5E09 /* Assets.xcassets */; };
		C73279442530803B00AF5E09 /* NoteAppViewController.swift in Sources */ = {isa = PBXBuildFile; fileRef = C73279432530803B00AF5E09 /* NoteAppViewController.swift */; };
		C7327946253080AC00AF5E09 /* NoteList.xib in Resources */ = {isa = PBXBuildFile; fileRef = C7327945253080AC00AF5E09 /* NoteList.xib */; };
		C73279482530828500AF5E09 /* NoteList.swift in Sources */ = {isa = PBXBuildFile; fileRef = C73279472530828500AF5E09 /* NoteList.swift */; };
		C732794B2530832D00AF5E09 /* Note+CoreDataClass.swift in Sources */ = {isa = PBXBuildFile; fileRef = C73279492530832D00AF5E09 /* Note+CoreDataClass.swift */; };
		C732794C2530832D00AF5E09 /* Note+CoreDataProperties.swift in Sources */ = {isa = PBXBuildFile; fileRef = C732794A2530832D00AF5E09 /* Note+CoreDataProperties.swift */; };
		C732794E25308A3B00AF5E09 /* Constant.swift in Sources */ = {isa = PBXBuildFile; fileRef = C732794D25308A3B00AF5E09 /* Constant.swift */; };
		C732795025308D4900AF5E09 /* AddEditNote.swift in Sources */ = {isa = PBXBuildFile; fileRef = C732794F25308D4900AF5E09 /* AddEditNote.swift */; };
/* End PBXBuildFile section */

/* Begin PBXFileReference section */
		C732792925307E7F00AF5E09 /* Note App.app */ = {isa = PBXFileReference; explicitFileType = wrapper.application; includeInIndex = 0; path = "Note App.app"; sourceTree = BUILT_PRODUCTS_DIR; };
		C732792C25307E7F00AF5E09 /* AppDelegate.swift */ = {isa = PBXFileReference; lastKnownFileType = sourcecode.swift; path = AppDelegate.swift; sourceTree = "<group>"; };
		C732792E25307E7F00AF5E09 /* SceneDelegate.swift */ = {isa = PBXFileReference; lastKnownFileType = sourcecode.swift; path = SceneDelegate.swift; sourceTree = "<group>"; };
		C732793325307E7F00AF5E09 /* Base */ = {isa = PBXFileReference; lastKnownFileType = file.storyboard; name = Base; path = Base.lproj/Main.storyboard; sourceTree = "<group>"; };
		C732793625307E7F00AF5E09 /* Note_App.xcdatamodel */ = {isa = PBXFileReference; lastKnownFileType = wrapper.xcdatamodel; path = Note_App.xcdatamodel; sourceTree = "<group>"; };
		C732793825307E8100AF5E09 /* Assets.xcassets */ = {isa = PBXFileReference; lastKnownFileType = folder.assetcatalog; path = Assets.xcassets; sourceTree = "<group>"; };
		C732793D25307E8100AF5E09 /* Info.plist */ = {isa = PBXFileReference; lastKnownFileType = text.plist.xml; path = Info.plist; sourceTree = "<group>"; };
		C73279432530803B00AF5E09 /* NoteAppViewController.swift */ = {isa = PBXFileReference; lastKnownFileType = sourcecode.swift; path = NoteAppViewController.swift; sourceTree = "<group>"; };
		C7327945253080AC00AF5E09 /* NoteList.xib */ = {isa = PBXFileReference; lastKnownFileType = file.xib; path = NoteList.xib; sourceTree = "<group>"; };
		C73279472530828500AF5E09 /* NoteList.swift */ = {isa = PBXFileReference; lastKnownFileType = sourcecode.swift; path = NoteList.swift; sourceTree = "<group>"; };
		C73279492530832D00AF5E09 /* Note+CoreDataClass.swift */ = {isa = PBXFileReference; lastKnownFileType = sourcecode.swift; path = "Note+CoreDataClass.swift"; sourceTree = "<group>"; };
		C732794A2530832D00AF5E09 /* Note+CoreDataProperties.swift */ = {isa = PBXFileReference; lastKnownFileType = sourcecode.swift; path = "Note+CoreDataProperties.swift"; sourceTree = "<group>"; };
		C732794D25308A3B00AF5E09 /* Constant.swift */ = {isa = PBXFileReference; lastKnownFileType = sourcecode.swift; path = Constant.swift; sourceTree = "<group>"; };
		C732794F25308D4900AF5E09 /* AddEditNote.swift */ = {isa = PBXFileReference; lastKnownFileType = sourcecode.swift; path = AddEditNote.swift; sourceTree = "<group>"; };
/* End PBXFileReference section */

/* Begin PBXFrameworksBuildPhase section */
		C732792625307E7F00AF5E09 /* Frameworks */ = {
			isa = PBXFrameworksBuildPhase;
			buildActionMask = 2147483647;
			files = (
			);
			runOnlyForDeploymentPostprocessing = 0;
		};
/* End PBXFrameworksBuildPhase section */

/* Begin PBXGroup section */
		C732792025307E7F00AF5E09 = {
			isa = PBXGroup;
			children = (
				C73279492530832D00AF5E09 /* Note+CoreDataClass.swift */,
				C732794A2530832D00AF5E09 /* Note+CoreDataProperties.swift */,
				C732792B25307E7F00AF5E09 /* Note App */,
				C732792A25307E7F00AF5E09 /* Products */,
			);
			sourceTree = "<group>";
		};
		C732792A25307E7F00AF5E09 /* Products */ = {
			isa = PBXGroup;
			children = (
				C732792925307E7F00AF5E09 /* Note App.app */,
			);
			name = Products;
			sourceTree = "<group>";
		};
		C732792B25307E7F00AF5E09 /* Note App */ = {
			isa = PBXGroup;
			children = (
				C732792C25307E7F00AF5E09 /* AppDelegate.swift */,
				C732792E25307E7F00AF5E09 /* SceneDelegate.swift */,
				C732793225307E7F00AF5E09 /* Main.storyboard */,
				C732793825307E8100AF5E09 /* Assets.xcassets */,
				C732793D25307E8100AF5E09 /* Info.plist */,
				C732793525307E7F00AF5E09 /* Note_App.xcdatamodeld */,
				C73279432530803B00AF5E09 /* NoteAppViewController.swift */,
				C7327945253080AC00AF5E09 /* NoteList.xib */,
				C73279472530828500AF5E09 /* NoteList.swift */,
				C732794D25308A3B00AF5E09 /* Constant.swift */,
				C732794F25308D4900AF5E09 /* AddEditNote.swift */,
			);
			path = "Note App";
			sourceTree = "<group>";
		};
/* End PBXGroup section */

/* Begin PBXNativeTarget section */
		C732792825307E7F00AF5E09 /* Note App */ = {
			isa = PBXNativeTarget;
			buildConfigurationList = C732794025307E8100AF5E09 /* Build configuration list for PBXNativeTarget "Note App" */;
			buildPhases = (
				C732792525307E7F00AF5E09 /* Sources */,
				C732792625307E7F00AF5E09 /* Frameworks */,
				C732792725307E7F00AF5E09 /* Resources */,
			);
			buildRules = (
			);
			dependencies = (
			);
			name = "Note App";
			productName = "Note App";
			productReference = C732792925307E7F00AF5E09 /* Note App.app */;
			productType = "com.apple.product-type.application";
		};
/* End PBXNativeTarget section */

/* Begin PBXProject section */
		C732792125307E7F00AF5E09 /* Project object */ = {
			isa = PBXProject;
			attributes = {
				LastSwiftUpdateCheck = 1170;
				LastUpgradeCheck = 1170;
				ORGANIZATIONNAME = "Shahriar Nasim Nafi";
				TargetAttributes = {
					C732792825307E7F00AF5E09 = {
						CreatedOnToolsVersion = 11.7;
					};
				};
			};
			buildConfigurationList = C732792425307E7F00AF5E09 /* Build configuration list for PBXProject "Note App" */;
			compatibilityVersion = "Xcode 9.3";
			developmentRegion = en;
			hasScannedForEncodings = 0;
			knownRegions = (
				en,
				Base,
			);
			mainGroup = C732792025307E7F00AF5E09;
			productRefGroup = C732792A25307E7F00AF5E09 /* Products */;
			projectDirPath = "";
			projectRoot = "";
			targets = (
				C732792825307E7F00AF5E09 /* Note App */,
			);
		};
/* End PBXProject section */

/* Begin PBXResourcesBuildPhase section */
		C732792725307E7F00AF5E09 /* Resources */ = {
			isa = PBXResourcesBuildPhase;
			buildActionMask = 2147483647;
			files = (
				C732793925307E8100AF5E09 /* Assets.xcassets in Resources */,
				C732793425307E7F00AF5E09 /* Main.storyboard in Resources */,
				C7327946253080AC00AF5E09 /* NoteList.xib in Resources */,
			);
			runOnlyForDeploymentPostprocessing = 0;
		};
/* End PBXResourcesBuildPhase section */

/* Begin PBXSourcesBuildPhase section */
		C732792525307E7F00AF5E09 /* Sources */ = {
			isa = PBXSourcesBuildPhase;
			buildActionMask = 2147483647;
			files = (
				C732794C2530832D00AF5E09 /* Note+CoreDataProperties.swift in Sources */,
				C732794B2530832D00AF5E09 /* Note+CoreDataClass.swift in Sources */,
				C732792D25307E7F00AF5E09 /* AppDelegate.swift in Sources */,
				C732795025308D4900AF5E09 /* AddEditNote.swift in Sources */,
				C732794E25308A3B00AF5E09 /* Constant.swift in Sources */,
				C732792F25307E7F00AF5E09 /* SceneDelegate.swift in Sources */,
				C73279442530803B00AF5E09 /* NoteAppViewController.swift in Sources */,
				C732793725307E7F00AF5E09 /* Note_App.xcdatamodeld in Sources */,
				C73279482530828500AF5E09 /* NoteList.swift in Sources */,
			);
			runOnlyForDeploymentPostprocessing = 0;
		};
/* End PBXSourcesBuildPhase section */

/* Begin PBXVariantGroup section */
		C732793225307E7F00AF5E09 /* Main.storyboard */ = {
			isa = PBXVariantGroup;
			children = (
				C732793325307E7F00AF5E09 /* Base */,
			);
			name = Main.storyboard;
			sourceTree = "<group>";
		};
/* End PBXVariantGroup section */

/* Begin XCBuildConfiguration section */
		C732793E25307E8100AF5E09 /* Debug */ = {
			isa = XCBuildConfiguration;
			buildSettings = {
				ALWAYS_SEARCH_USER_PATHS = NO;
				CLANG_ANALYZER_NONNULL = YES;
				CLANG_ANALYZER_NUMBER_OBJECT_CONVERSION = YES_AGGRESSIVE;
				CLANG_CXX_LANGUAGE_STANDARD = "gnu++14";
				CLANG_CXX_LIBRARY = "libc++";
				CLANG_ENABLE_MODULES = YES;
				CLANG_ENABLE_OBJC_ARC = YES;
				CLANG_ENABLE_OBJC_WEAK = YES;
				CLANG_WARN_BLOCK_CAPTURE_AUTORELEASING = YES;
				CLANG_WARN_BOOL_CONVERSION = YES;
				CLANG_WARN_COMMA = YES;
				CLANG_WARN_CONSTANT_CONVERSION = YES;
				CLANG_WARN_DEPRECATED_OBJC_IMPLEMENTATIONS = YES;
				CLANG_WARN_DIRECT_OBJC_ISA_USAGE = YES_ERROR;
				CLANG_WARN_DOCUMENTATION_COMMENTS = YES;
				CLANG_WARN_EMPTY_BODY = YES;
				CLANG_WARN_ENUM_CONVERSION = YES;
				CLANG_WARN_INFINITE_RECURSION = YES;
				CLANG_WARN_INT_CONVERSION = YES;
				CLANG_WARN_NON_LITERAL_NULL_CONVERSION = YES;
				CLANG_WARN_OBJC_IMPLICIT_RETAIN_SELF = YES;
				CLANG_WARN_OBJC_LITERAL_CONVERSION = YES;
				CLANG_WARN_OBJC_ROOT_CLASS = YES_ERROR;
				CLANG_WARN_RANGE_LOOP_ANALYSIS = YES;
				CLANG_WARN_STRICT_PROTOTYPES = YES;
				CLANG_WARN_SUSPICIOUS_MOVE = YES;
				CLANG_WARN_UNGUARDED_AVAILABILITY = YES_AGGRESSIVE;
				CLANG_WARN_UNREACHABLE_CODE = YES;
				CLANG_WARN__DUPLICATE_METHOD_MATCH = YES;
				COPY_PHASE_STRIP = NO;
				DEBUG_INFORMATION_FORMAT = dwarf;
				ENABLE_STRICT_OBJC_MSGSEND = YES;
				ENABLE_TESTABILITY = YES;
				GCC_C_LANGUAGE_STANDARD = gnu11;
				GCC_DYNAMIC_NO_PIC = NO;
				GCC_NO_COMMON_BLOCKS = YES;
				GCC_OPTIMIZATION_LEVEL = 0;
				GCC_PREPROCESSOR_DEFINITIONS = (
					"DEBUG=1",
					"$(inherited)",
				);
				GCC_WARN_64_TO_32_BIT_CONVERSION = YES;
				GCC_WARN_ABOUT_RETURN_TYPE = YES_ERROR;
				GCC_WARN_UNDECLARED_SELECTOR = YES;
				GCC_WARN_UNINITIALIZED_AUTOS = YES_AGGRESSIVE;
				GCC_WARN_UNUSED_FUNCTION = YES;
				GCC_WARN_UNUSED_VARIABLE = YES;
				IPHONEOS_DEPLOYMENT_TARGET = 13.7;
				MTL_ENABLE_DEBUG_INFO = INCLUDE_SOURCE;
				MTL_FAST_MATH = YES;
				ONLY_ACTIVE_ARCH = YES;
				SDKROOT = iphoneos;
				SWIFT_ACTIVE_COMPILATION_CONDITIONS = DEBUG;
				SWIFT_OPTIMIZATION_LEVEL = "-Onone";
			};
			name = Debug;
		};
		C732793F25307E8100AF5E09 /* Release */ = {
			isa = XCBuildConfiguration;
			buildSettings = {
				ALWAYS_SEARCH_USER_PATHS = NO;
				CLANG_ANALYZER_NONNULL = YES;
				CLANG_ANALYZER_NUMBER_OBJECT_CONVERSION = YES_AGGRESSIVE;
				CLANG_CXX_LANGUAGE_STANDARD = "gnu++14";
				CLANG_CXX_LIBRARY = "libc++";
				CLANG_ENABLE_MODULES = YES;
				CLANG_ENABLE_OBJC_ARC = YES;
				CLANG_ENABLE_OBJC_WEAK = YES;
				CLANG_WARN_BLOCK_CAPTURE_AUTORELEASING = YES;
				CLANG_WARN_BOOL_CONVERSION = YES;
				CLANG_WARN_COMMA = YES;
				CLANG_WARN_CONSTANT_CONVERSION = YES;
				CLANG_WARN_DEPRECATED_OBJC_IMPLEMENTATIONS = YES;
				CLANG_WARN_DIRECT_OBJC_ISA_USAGE = YES_ERROR;
				CLANG_WARN_DOCUMENTATION_COMMENTS = YES;
				CLANG_WARN_EMPTY_BODY = YES;
				CLANG_WARN_ENUM_CONVERSION = YES;
				CLANG_WARN_INFINITE_RECURSION = YES;
				CLANG_WARN_INT_CONVERSION = YES;
				CLANG_WARN_NON_LITERAL_NULL_CONVERSION = YES;
				CLANG_WARN_OBJC_IMPLICIT_RETAIN_SELF = YES;
				CLANG_WARN_OBJC_LITERAL_CONVERSION = YES;
				CLANG_WARN_OBJC_ROOT_CLASS = YES_ERROR;
				CLANG_WARN_RANGE_LOOP_ANALYSIS = YES;
				CLANG_WARN_STRICT_PROTOTYPES = YES;
				CLANG_WARN_SUSPICIOUS_MOVE = YES;
				CLANG_WARN_UNGUARDED_AVAILABILITY = YES_AGGRESSIVE;
				CLANG_WARN_UNREACHABLE_CODE = YES;
				CLANG_WARN__DUPLICATE_METHOD_MATCH = YES;
				COPY_PHASE_STRIP = NO;
				DEBUG_INFORMATION_FORMAT = "dwarf-with-dsym";
				ENABLE_NS_ASSERTIONS = NO;
				ENABLE_STRICT_OBJC_MSGSEND = YES;
				GCC_C_LANGUAGE_STANDARD = gnu11;
				GCC_NO_COMMON_BLOCKS = YES;
				GCC_WARN_64_TO_32_BIT_CONVERSION = YES;
				GCC_WARN_ABOUT_RETURN_TYPE = YES_ERROR;
				GCC_WARN_UNDECLARED_SELECTOR = YES;
				GCC_WARN_UNINITIALIZED_AUTOS = YES_AGGRESSIVE;
				GCC_WARN_UNUSED_FUNCTION = YES;
				GCC_WARN_UNUSED_VARIABLE = YES;
				IPHONEOS_DEPLOYMENT_TARGET = 13.7;
				MTL_ENABLE_DEBUG_INFO = NO;
				MTL_FAST_MATH = YES;
				SDKROOT = iphoneos;
				SWIFT_COMPILATION_MODE = wholemodule;
				SWIFT_OPTIMIZATION_LEVEL = "-O";
				VALIDATE_PRODUCT = YES;
			};
			name = Release;
		};
		C732794125307E8100AF5E09 /* Debug */ = {
			isa = XCBuildConfiguration;
			buildSettings = {
				ASSETCATALOG_COMPILER_APPICON_NAME = AppIcon;
				CODE_SIGN_STYLE = Automatic;
				DEVELOPMENT_TEAM = LZD5N478Y9;
				INFOPLIST_FILE = "Note App/Info.plist";
				LD_RUNPATH_SEARCH_PATHS = (
					"$(inherited)",
					"@executable_path/Frameworks",
				);
				PRODUCT_BUNDLE_IDENTIFIER = "snnafi.Note-App";
				PRODUCT_NAME = "$(TARGET_NAME)";
				SWIFT_VERSION = 5.0;
				TARGETED_DEVICE_FAMILY = "1,2";
			};
			name = Debug;
		};
		C732794225307E8100AF5E09 /* Release */ = {
			isa = XCBuildConfiguration;
			buildSettings = {
				ASSETCATALOG_COMPILER_APPICON_NAME = AppIcon;
				CODE_SIGN_STYLE = Automatic;
				DEVELOPMENT_TEAM = LZD5N478Y9;
				INFOPLIST_FILE = "Note App/Info.plist";
				LD_RUNPATH_SEARCH_PATHS = (
					"$(inherited)",
					"@executable_path/Frameworks",
				);
				PRODUCT_BUNDLE_IDENTIFIER = "snnafi.Note-App";
				PRODUCT_NAME = "$(TARGET_NAME)";
				SWIFT_VERSION = 5.0;
				TARGETED_DEVICE_FAMILY = "1,2";
			};
			name = Release;
		};
/* End XCBuildConfiguration section */

/* Begin XCConfigurationList section */
		C732792425307E7F00AF5E09 /* Build configuration list for PBXProject "Note App" */ = {
			isa = XCConfigurationList;
			buildConfigurations = (
				C732793E25307E8100AF5E09 /* Debug */,
				C732793F25307E8100AF5E09 /* Release */,
			);
			defaultConfigurationIsVisible = 0;
			defaultConfigurationName = Release;
		};
		C732794025307E8100AF5E09 /* Build configuration list for PBXNativeTarget "Note App" */ = {
			isa = XCConfigurationList;
			buildConfigurations = (
				C732794125307E8100AF5E09 /* Debug */,
				C732794225307E8100AF5E09 /* Release */,
			);
			defaultConfigurationIsVisible = 0;
			defaultConfigurationName = Release;
		};
/* End XCConfigurationList section */

/* Begin XCVersionGroup section */
		C732793525307E7F00AF5E09 /* Note_App.xcdatamodeld */ = {
			isa = XCVersionGroup;
			children = (
				C732793625307E7F00AF5E09 /* Note_App.xcdatamodel */,
			);
			currentVersion = C732793625307E7F00AF5E09 /* Note_App.xcdatamodel */;
			path = Note_App.xcdatamodeld;
			sourceTree = "<group>";
			versionGroupType = wrapper.xcdatamodel;
		};
/* End XCVersionGroup section */
	};
	rootObject = C732792125307E7F00AF5E09 /* Project object */;
}
